
Microsoft Visual Studio Solution File, Format Version 12.00
# Visual Studio Version 17
VisualStudioVersion = 17.11.35222.181
MinimumVisualStudioVersion = 10.0.40219.1
Project("{C9674DCB-5085-4A16-B785-4C70DD1589BD}") = "adventure_works _ETL", "adventure_works _ETL\adventure_works _ETL.dtproj", "{4CCC4BCD-3574-4708-A433-CCF4B58DEE2D}"
EndProject
Global
	GlobalSection(SolutionConfigurationPlatforms) = preSolution
		Development|Default = Development|Default
	EndGlobalSection
	GlobalSection(ProjectConfigurationPlatforms) = postSolution
		{4CCC4BCD-3574-4708-A433-CCF4B58DEE2D}.Development|Default.ActiveCfg = Development
		{4CCC4BCD-3574-4708-A433-CCF4B58DEE2D}.Development|Default.Build.0 = Development
	EndGlobalSection
	GlobalSection(SolutionProperties) = preSolution
		HideSolutionNode = FALSE
	EndGlobalSection
	GlobalSection(ExtensibilityGlobals) = postSolution
		SolutionGuid = {2810659F-E072-46F2-AC3C-F160170453E6}
	EndGlobalSection
EndGlobal
